
Microsoft Visual Studio Solution File, Format Version 12.00
# Visual Studio Version 17
VisualStudioVersion = 17.6.33723.286
MinimumVisualStudioVersion = 10.0.40219.1
Project("{FAE04EC0-301F-11D3-BF4B-00C04F79EFBC}") = "WPF_Isaac_Cabria_Diez", "WPF_Isaac_Cabria_Diez\WPF_Isaac_Cabria_Diez.csproj", "{0C44D886-6CC2-4E28-816F-54B6651AB5C3}"
EndProject
Global
	GlobalSection(SolutionConfigurationPlatforms) = preSolution
		Debug|Any CPU = Debug|Any CPU
		Release|Any CPU = Release|Any CPU
	EndGlobalSection
	GlobalSection(ProjectConfigurationPlatforms) = postSolution
		{0C44D886-6CC2-4E28-816F-54B6651AB5C3}.Debug|Any CPU.ActiveCfg = Debug|Any CPU
		{0C44D886-6CC2-4E28-816F-54B6651AB5C3}.Debug|Any CPU.Build.0 = Debug|Any CPU
		{0C44D886-6CC2-4E28-816F-54B6651AB5C3}.Release|Any CPU.ActiveCfg = Release|Any CPU
		{0C44D886-6CC2-4E28-816F-54B6651AB5C3}.Release|Any CPU.Build.0 = Release|Any CPU
	EndGlobalSection
	GlobalSection(SolutionProperties) = preSolution
		HideSolutionNode = FALSE
	EndGlobalSection
	GlobalSection(ExtensibilityGlobals) = postSolution
		SolutionGuid = {FF56DAD4-5744-4918-B7E8-7F7A7BFFB090}
	EndGlobalSection
EndGlobal
